// !$*UTF8*$!
{
	archiveVersion = 1;
	classes = {
	};
	objectVersion = 46;
	objects = {

/* Begin PBXBuildFile section */
		0207DA581B56EA530066E2B4 /* Images.xcassets in Resources */ = {isa = PBXBuildFile; fileRef = 0207DA571B56EA530066E2B4 /* Images.xcassets */; };
		1D3623260D0F684500981E51 /* AppDelegate.m in Sources */ = {isa = PBXBuildFile; fileRef = 1D3623250D0F684500981E51 /* AppDelegate.m */; };
		1D60589B0D05DD56006BFB54 /* main.m in Sources */ = {isa = PBXBuildFile; fileRef = 29B97316FDCFA39411CA2CEA /* main.m */; };
		301BF552109A68D80062928A /* libCordova.a in Frameworks */ = {isa = PBXBuildFile; fileRef = 301BF535109A57CC0062928A /* libCordova.a */; settings = {ATTRIBUTES = (Required, ); }; };
		302D95F114D2391D003F00A1 /* MainViewController.m in Sources */ = {isa = PBXBuildFile; fileRef = 302D95EF14D2391D003F00A1 /* MainViewController.m */; };
		302D95F214D2391D003F00A1 /* MainViewController.xib in Resources */ = {isa = PBXBuildFile; fileRef = 302D95F014D2391D003F00A1 /* MainViewController.xib */; };
		6AFF5BF91D6E424B00AB3073 /* CDVLaunchScreen.storyboard in Resources */ = {isa = PBXBuildFile; fileRef = 6AFF5BF81D6E424B00AB3073 /* CDVLaunchScreen.storyboard */; };
		02C224B812FA4C07B1903F3E /* CDVBattery.m in Sources */ = {isa = PBXBuildFile; fileRef = E93CA98E05A348E48C571FE9 /* CDVBattery.m */; };
		C9726DAB1BF046D29E35F9EA /* UIImage+CropScaleOrientation.m in Sources */ = {isa = PBXBuildFile; fileRef = 007CD634F0EA4F75A9CA6558 /* UIImage+CropScaleOrientation.m */; };
		DD45DBDAE57044D4BC9B76B2 /* CDVCamera.m in Sources */ = {isa = PBXBuildFile; fileRef = 16289C8E80DD4F77B07C65E8 /* CDVCamera.m */; };
		62819958BC534FA18F0CA72F /* CDVJpegHeaderWriter.m in Sources */ = {isa = PBXBuildFile; fileRef = E081BB8B4B7C48508679C536 /* CDVJpegHeaderWriter.m */; };
		E84B8BE888B4404A82EB8EE1 /* ImageIO.framework in Frameworks */ = {isa = PBXBuildFile; fileRef = DC2EFA4C249C400CB247749F /* ImageIO.framework */; settings = {ATTRIBUTES = (Weak, ); }; };
		D9BDA7062F3E4D4F8048B3BC /* CoreLocation.framework in Frameworks */ = {isa = PBXBuildFile; fileRef = 742BE9008B0D4077AF077AB5 /* CoreLocation.framework */; };
		6ECAAD68E6474D4190A64177 /* AVFoundation.framework in Frameworks */ = {isa = PBXBuildFile; fileRef = 94CEDD38EC2945F990CA5F61 /* AVFoundation.framework */; };
		897FCCDE00C14B0CB5B8A976 /* CDVDevice.m in Sources */ = {isa = PBXBuildFile; fileRef = 74AB722B859941F3A76A89AD /* CDVDevice.m */; };
		614300033557437B8B0A29C6 /* libz.tbd in Frameworks */ = {isa = PBXBuildFile; fileRef = 3B0E3C9F280F49A38BF1D40C /* libz.tbd */; };
		3F01C99A3602484A962B8992 /* CDVNotification.m in Sources */ = {isa = PBXBuildFile; fileRef = A0DFF1B5578B40C295DAB47A /* CDVNotification.m */; };
		E2B4757864144214AAAE5377 /* CDVNotification.bundle in Resources */ = {isa = PBXBuildFile; fileRef = D2AA6A530276431EB2134DC5 /* CDVNotification.bundle */; };
		2148B8EFA7024DCF8B8042FB /* AudioToolbox.framework in Frameworks */ = {isa = PBXBuildFile; fileRef = 6DB027F650E24F6AB7B0C9F1 /* AudioToolbox.framework */; settings = {ATTRIBUTES = (Weak, ); }; };
		6C18A50F4EB5423D931754B7 /* CDVFile.m in Sources */ = {isa = PBXBuildFile; fileRef = 6A6417A72F824A8780891BC0 /* CDVFile.m */; };
		9AA655F8617B4D94829F866D /* CDVLocalFilesystem.m in Sources */ = {isa = PBXBuildFile; fileRef = 6BEFE9D52A3D4E8AA4CC44B7 /* CDVLocalFilesystem.m */; };
		D5C0E668A9F64DB59FF9B92B /* CDVAssetLibraryFilesystem.m in Sources */ = {isa = PBXBuildFile; fileRef = 2CCDF50E8DBB4A349F30390B /* CDVAssetLibraryFilesystem.m */; };
		4CF30CE35C164CF18F4ABD3B /* CDVLocation.m in Sources */ = {isa = PBXBuildFile; fileRef = 51D001D5059D4B7DA1C2A657 /* CDVLocation.m */; };
		F74ABAEF8B52479E94F55815 /* CDVGlobalization.m in Sources */ = {isa = PBXBuildFile; fileRef = 6F93EE5B30AD4F7F9F168D6B /* CDVGlobalization.m */; };
		D133CD2FC1404B3295CC061F /* CDVInAppBrowser.m in Sources */ = {isa = PBXBuildFile; fileRef = E5A90CA845D44BC5AE4CA051 /* CDVInAppBrowser.m */; };
		EB16906A9F6B43D3BFD40C8D /* CDVCapture.m in Sources */ = {isa = PBXBuildFile; fileRef = 16D60279DF9E436590054D87 /* CDVCapture.m */; };
		BCC26952B1404BFAB333E6E8 /* CDVCapture.bundle in Resources */ = {isa = PBXBuildFile; fileRef = CCE3865401094278B351CA52 /* CDVCapture.bundle */; };
		9904D92917964705874EBFBA /* CDVConnection.m in Sources */ = {isa = PBXBuildFile; fileRef = 0AA4D319A2224E778175E2F6 /* CDVConnection.m */; };
		5F3F111D010145E88F70DEB5 /* CDVReachability.m in Sources */ = {isa = PBXBuildFile; fileRef = DE0B9D084692435E844152E2 /* CDVReachability.m */; };
		552C1E54603546828CD51B28 /* SystemConfiguration.framework in Frameworks */ = {isa = PBXBuildFile; fileRef = B97398F161D14F6AAC927AEC /* SystemConfiguration.framework */; settings = {ATTRIBUTES = (Weak, ); }; };
		B945C481F98D4136905720C8 /* CoreTelephony.framework in Frameworks */ = {isa = PBXBuildFile; fileRef = E92AFDF2D47143C0920815A3 /* CoreTelephony.framework */; };
		99949222D16B4F699C8E8500 /* RequestLocationAccuracy.m in Sources */ = {isa = PBXBuildFile; fileRef = F99E2F786813484E97733E46 /* RequestLocationAccuracy.m */; };
		ADEDA6A4D52343BABFBC6FB6 /* CDVVibration.m in Sources */ = {isa = PBXBuildFile; fileRef = A776B6E9EECF4882BB31489E /* CDVVibration.m */; };
		EA6C00ADB3C7496187E09572 /* Diagnostic.m in Sources */ = {isa = PBXBuildFile; fileRef = E2FB219020A74BB982A5208F /* Diagnostic.m */; };
		2E73FEA9DDD044DFB6A9043F /* Diagnostic_Location.m in Sources */ = {isa = PBXBuildFile; fileRef = 9D103296492945169DAA03B2 /* Diagnostic_Location.m */; };
		8DD2CCCEFF8C4C9A8B4588BE /* Diagnostic_Bluetooth.m in Sources */ = {isa = PBXBuildFile; fileRef = 7F768206312B494EBAD87D8F /* Diagnostic_Bluetooth.m */; };
		0F450022ABBE4C36A9DA3A3F /* Diagnostic_Wifi.m in Sources */ = {isa = PBXBuildFile; fileRef = 4BE7FA14947842B0A5E5E3BA /* Diagnostic_Wifi.m */; };
		4BF3D8EA9AA0488AA6A75187 /* Diagnostic_Camera.m in Sources */ = {isa = PBXBuildFile; fileRef = 05F6E27041DB411E890009A2 /* Diagnostic_Camera.m */; };
		DC7C23B53BE54E8D8A51A79A /* Diagnostic_Notifications.m in Sources */ = {isa = PBXBuildFile; fileRef = 069CB2DFB3784457B6C88B7F /* Diagnostic_Notifications.m */; };
		9C5464823D3949CFABE53C15 /* Diagnostic_Microphone.m in Sources */ = {isa = PBXBuildFile; fileRef = C5601E616C6C44A5A7CBE154 /* Diagnostic_Microphone.m */; };
		10FA0E547C224544AAADD7F1 /* Diagnostic_Contacts.m in Sources */ = {isa = PBXBuildFile; fileRef = C34CA331F6B24514BDD35430 /* Diagnostic_Contacts.m */; };
		825B01A0F0A24194ADB5F5BF /* Diagnostic_Calendar.m in Sources */ = {isa = PBXBuildFile; fileRef = 0C26E4E31CEB40F690700981 /* Diagnostic_Calendar.m */; };
		5CA2B741F014459AA85697A5 /* Diagnostic_Reminders.m in Sources */ = {isa = PBXBuildFile; fileRef = 6E9FFCED8CF54412ACA10948 /* Diagnostic_Reminders.m */; };
		ADE5677701A24E6A8D758748 /* Diagnostic_Motion.m in Sources */ = {isa = PBXBuildFile; fileRef = B34EDF6EF77A44889E630143 /* Diagnostic_Motion.m */; };
		6A7B97341C5E4A5EA3EB937B /* CoreBluetooth.framework in Frameworks */ = {isa = PBXBuildFile; fileRef = 2EDA503E38BA47C1B46EE4C1 /* CoreBluetooth.framework */; };
		8E028B02BF764DCB905C40E5 /* Photos.framework in Frameworks */ = {isa = PBXBuildFile; fileRef = 43910275737443548F098534 /* Photos.framework */; };
		BE303DE9213943A4A0ECE802 /* UserNotifications.framework in Frameworks */ = {isa = PBXBuildFile; fileRef = 32141FAEBE4743699F699A3E /* UserNotifications.framework */; };
		3AAC0790C04D418582FCD69B /* Contacts.framework in Frameworks */ = {isa = PBXBuildFile; fileRef = 9C3A06D9374345E98E73EAA1 /* Contacts.framework */; };
		22004B13E3674BBCA3A846A2 /* AddressBook.framework in Frameworks */ = {isa = PBXBuildFile; fileRef = 54B7190BAAA64FED8D72B88E /* AddressBook.framework */; };
		189C67D5BE5843C6ADC61659 /* EventKit.framework in Frameworks */ = {isa = PBXBuildFile; fileRef = F18C7CEE7FE7471BB00F9E78 /* EventKit.framework */; };
		23B6ABE4880D4EFFAEBF6667 /* CoreMotion.framework in Frameworks */ = {isa = PBXBuildFile; fileRef = A76E2B6319B64085A8580491 /* CoreMotion.framework */; };
/* End PBXBuildFile section */

/* Begin PBXContainerItemProxy section */
		301BF534109A57CC0062928A /* PBXContainerItemProxy */ = {
			isa = PBXContainerItemProxy;
			containerPortal = 301BF52D109A57CC0062928A /* CordovaLib.xcodeproj */;
			proxyType = 2;
			remoteGlobalIDString = D2AAC07E0554694100DB518D;
			remoteInfo = CordovaLib;
		};
		301BF550109A68C00062928A /* PBXContainerItemProxy */ = {
			isa = PBXContainerItemProxy;
			containerPortal = 301BF52D109A57CC0062928A /* CordovaLib.xcodeproj */;
			proxyType = 1;
			remoteGlobalIDString = D2AAC07D0554694100DB518D;
			remoteInfo = CordovaLib;
		};
		907D8123214C687600058A10 /* PBXContainerItemProxy */ = {
			isa = PBXContainerItemProxy;
			containerPortal = 301BF52D109A57CC0062928A /* CordovaLib.xcodeproj */;
			proxyType = 2;
			remoteGlobalIDString = C0C01EB21E3911D50056E6CB;
			remoteInfo = Cordova;
		};
/* End PBXContainerItemProxy section */

/* Begin PBXFileReference section */
		0207DA571B56EA530066E2B4 /* Images.xcassets */ = {isa = PBXFileReference; lastKnownFileType = folder.assetcatalog; name = Images.xcassets; path = "Doorstep/Images.xcassets"; sourceTree = SOURCE_ROOT; };
		1D3623240D0F684500981E51 /* AppDelegate.h */ = {isa = PBXFileReference; fileEncoding = 4; lastKnownFileType = sourcecode.c.h; path = AppDelegate.h; sourceTree = "<group>"; };
		1D3623250D0F684500981E51 /* AppDelegate.m */ = {isa = PBXFileReference; fileEncoding = 4; lastKnownFileType = sourcecode.c.objc; path = AppDelegate.m; sourceTree = "<group>"; };
		1D6058910D05DD3D006BFB54 /* Doorstep.app */ = {isa = PBXFileReference; explicitFileType = wrapper.application; includeInIndex = 0; path = "Doorstep.app"; sourceTree = BUILT_PRODUCTS_DIR; };
		29B97316FDCFA39411CA2CEA /* main.m */ = {isa = PBXFileReference; fileEncoding = 4; lastKnownFileType = sourcecode.c.objc; path = main.m; sourceTree = "<group>"; };
		301BF52D109A57CC0062928A /* CordovaLib.xcodeproj */ = {isa = PBXFileReference; lastKnownFileType = "wrapper.pb-project"; name = CordovaLib.xcodeproj; path = CordovaLib/CordovaLib.xcodeproj; sourceTree = "<group>"; };
		301BF56E109A69640062928A /* www */ = {isa = PBXFileReference; lastKnownFileType = folder; path = www; sourceTree = SOURCE_ROOT; };
		302D95EE14D2391D003F00A1 /* MainViewController.h */ = {isa = PBXFileReference; fileEncoding = 4; lastKnownFileType = sourcecode.c.h; path = MainViewController.h; sourceTree = "<group>"; };
		302D95EF14D2391D003F00A1 /* MainViewController.m */ = {isa = PBXFileReference; fileEncoding = 4; lastKnownFileType = sourcecode.c.objc; path = MainViewController.m; sourceTree = "<group>"; };
		302D95F014D2391D003F00A1 /* MainViewController.xib */ = {isa = PBXFileReference; fileEncoding = 4; lastKnownFileType = file.xib; path = MainViewController.xib; sourceTree = "<group>"; };
		3047A50F1AB8059700498E2A /* build-debug.xcconfig */ = {isa = PBXFileReference; fileEncoding = 4; lastKnownFileType = text.xcconfig; name = "build-debug.xcconfig"; path = "cordova/build-debug.xcconfig"; sourceTree = SOURCE_ROOT; };
		3047A5101AB8059700498E2A /* build-release.xcconfig */ = {isa = PBXFileReference; fileEncoding = 4; lastKnownFileType = text.xcconfig; name = "build-release.xcconfig"; path = "cordova/build-release.xcconfig"; sourceTree = SOURCE_ROOT; };
		3047A5111AB8059700498E2A /* build.xcconfig */ = {isa = PBXFileReference; fileEncoding = 4; lastKnownFileType = text.xcconfig; name = build.xcconfig; path = cordova/build.xcconfig; sourceTree = SOURCE_ROOT; };
		32CA4F630368D1EE00C91783 /* Doorstep-Prefix.pch */ = {isa = PBXFileReference; fileEncoding = 4; lastKnownFileType = sourcecode.c.h; path = "Doorstep-Prefix.pch"; sourceTree = "<group>"; };
		6AFF5BF81D6E424B00AB3073 /* CDVLaunchScreen.storyboard */ = {isa = PBXFileReference; fileEncoding = 4; lastKnownFileType = file.storyboard; name = CDVLaunchScreen.storyboard; path = "Doorstep/CDVLaunchScreen.storyboard"; sourceTree = SOURCE_ROOT; };
		8D1107310486CEB800E47090 /* Doorstep-Info.plist */ = {isa = PBXFileReference; fileEncoding = 4; lastKnownFileType = text.plist.xml; name = "Doorstep-Info.plist"; path = "Doorstep/Doorstep-Info.plist"; plistStructureDefinitionIdentifier = "com.apple.xcode.plist.structure-definition.iphone.info-plist"; sourceTree = SOURCE_ROOT; };
		EB87FDF31871DA8E0020F90C /* www */ = {isa = PBXFileReference; lastKnownFileType = folder; name = www; path = ../../www; sourceTree = "<group>"; };
		EB87FDF41871DAF40020F90C /* config.xml */ = {isa = PBXFileReference; lastKnownFileType = text.xml; name = config.xml; path = ../../config.xml; sourceTree = "<group>"; };
		ED33DF2A687741AEAF9F8254 /* Bridging-Header.h */ = {isa = PBXFileReference; fileEncoding = 4; lastKnownFileType = sourcecode.c.h; name = "Bridging-Header.h"; path = "Bridging-Header.h"; sourceTree = "<group>"; };
		F840E1F0165FE0F500CFE078 /* config.xml */ = {isa = PBXFileReference; lastKnownFileType = text.xml; name = config.xml; path = "Doorstep/config.xml"; sourceTree = "<group>"; };
		E93CA98E05A348E48C571FE9 /* CDVBattery.m */ = {isa = PBXFileReference; name = "CDVBattery.m"; path = "cordova-plugin-battery-status/CDVBattery.m"; sourceTree = "<group>"; fileEncoding = 4; lastKnownFileType = sourcecode.c.objc; explicitFileType = undefined; includeInIndex = 0; };
		B0EF669D9FAF461385A57615 /* CDVBattery.h */ = {isa = PBXFileReference; name = "CDVBattery.h"; path = "cordova-plugin-battery-status/CDVBattery.h"; sourceTree = "<group>"; fileEncoding = 4; lastKnownFileType = sourcecode.c.h; explicitFileType = undefined; includeInIndex = 0; };
		007CD634F0EA4F75A9CA6558 /* UIImage+CropScaleOrientation.m */ = {isa = PBXFileReference; name = "UIImage+CropScaleOrientation.m"; path = "cordova-plugin-camera/UIImage+CropScaleOrientation.m"; sourceTree = "<group>"; fileEncoding = 4; lastKnownFileType = sourcecode.c.objc; explicitFileType = undefined; includeInIndex = 0; };
		16289C8E80DD4F77B07C65E8 /* CDVCamera.m */ = {isa = PBXFileReference; name = "CDVCamera.m"; path = "cordova-plugin-camera/CDVCamera.m"; sourceTree = "<group>"; fileEncoding = 4; lastKnownFileType = sourcecode.c.objc; explicitFileType = undefined; includeInIndex = 0; };
		E081BB8B4B7C48508679C536 /* CDVJpegHeaderWriter.m */ = {isa = PBXFileReference; name = "CDVJpegHeaderWriter.m"; path = "cordova-plugin-camera/CDVJpegHeaderWriter.m"; sourceTree = "<group>"; fileEncoding = 4; lastKnownFileType = sourcecode.c.objc; explicitFileType = undefined; includeInIndex = 0; };
		AE6E982468C645DDB60B43BE /* UIImage+CropScaleOrientation.h */ = {isa = PBXFileReference; name = "UIImage+CropScaleOrientation.h"; path = "cordova-plugin-camera/UIImage+CropScaleOrientation.h"; sourceTree = "<group>"; fileEncoding = 4; lastKnownFileType = sourcecode.c.h; explicitFileType = undefined; includeInIndex = 0; };
		B332F1C31CF94C599D43246A /* CDVCamera.h */ = {isa = PBXFileReference; name = "CDVCamera.h"; path = "cordova-plugin-camera/CDVCamera.h"; sourceTree = "<group>"; fileEncoding = 4; lastKnownFileType = sourcecode.c.h; explicitFileType = undefined; includeInIndex = 0; };
		1DD73FE5A36C4552BD9408FD /* CDVJpegHeaderWriter.h */ = {isa = PBXFileReference; name = "CDVJpegHeaderWriter.h"; path = "cordova-plugin-camera/CDVJpegHeaderWriter.h"; sourceTree = "<group>"; fileEncoding = 4; lastKnownFileType = sourcecode.c.h; explicitFileType = undefined; includeInIndex = 0; };
		DFF701EEEA104B9391B3C44F /* CDVExif.h */ = {isa = PBXFileReference; name = "CDVExif.h"; path = "cordova-plugin-camera/CDVExif.h"; sourceTree = "<group>"; fileEncoding = 4; lastKnownFileType = sourcecode.c.h; explicitFileType = undefined; includeInIndex = 0; };
		DC2EFA4C249C400CB247749F /* ImageIO.framework */ = {isa = PBXFileReference; name = "ImageIO.framework"; path = "System/Library/Frameworks/ImageIO.framework"; sourceTree = SDKROOT; fileEncoding = undefined; lastKnownFileType = wrapper.framework; explicitFileType = undefined; includeInIndex = 0; };
		742BE9008B0D4077AF077AB5 /* CoreLocation.framework */ = {isa = PBXFileReference; name = "CoreLocation.framework"; path = "System/Library/Frameworks/CoreLocation.framework"; sourceTree = SDKROOT; fileEncoding = undefined; lastKnownFileType = wrapper.framework; explicitFileType = undefined; includeInIndex = 0; };
		94CEDD38EC2945F990CA5F61 /* AVFoundation.framework */ = {isa = PBXFileReference; name = "AVFoundation.framework"; path = "System/Library/Frameworks/AVFoundation.framework"; sourceTree = SDKROOT; fileEncoding = undefined; lastKnownFileType = wrapper.framework; explicitFileType = undefined; includeInIndex = 0; };
		74AB722B859941F3A76A89AD /* CDVDevice.m */ = {isa = PBXFileReference; name = "CDVDevice.m"; path = "cordova-plugin-device/CDVDevice.m"; sourceTree = "<group>"; fileEncoding = 4; lastKnownFileType = sourcecode.c.objc; explicitFileType = undefined; includeInIndex = 0; };
		0078F1853AFB43CFAB9625CB /* CDVDevice.h */ = {isa = PBXFileReference; name = "CDVDevice.h"; path = "cordova-plugin-device/CDVDevice.h"; sourceTree = "<group>"; fileEncoding = 4; lastKnownFileType = sourcecode.c.h; explicitFileType = undefined; includeInIndex = 0; };
		3B0E3C9F280F49A38BF1D40C /* libz.tbd */ = {isa = PBXFileReference; name = "libz.tbd"; path = "usr/lib/libz.tbd"; sourceTree = SDKROOT; fileEncoding = undefined; lastKnownFileType = sourcecode.text-based-dylib-definition; explicitFileType = undefined; includeInIndex = 0; };
		A0DFF1B5578B40C295DAB47A /* CDVNotification.m */ = {isa = PBXFileReference; name = "CDVNotification.m"; path = "cordova-plugin-dialogs/CDVNotification.m"; sourceTree = "<group>"; fileEncoding = 4; lastKnownFileType = sourcecode.c.objc; explicitFileType = undefined; includeInIndex = 0; };
		750E7DF9C49649E3AC5D3BB4 /* CDVNotification.h */ = {isa = PBXFileReference; name = "CDVNotification.h"; path = "cordova-plugin-dialogs/CDVNotification.h"; sourceTree = "<group>"; fileEncoding = 4; lastKnownFileType = sourcecode.c.h; explicitFileType = undefined; includeInIndex = 0; };
		D2AA6A530276431EB2134DC5 /* CDVNotification.bundle */ = {isa = PBXFileReference; name = "CDVNotification.bundle"; path = "CDVNotification.bundle"; sourceTree = "<group>"; fileEncoding = undefined; lastKnownFileType = wrapper.plug-in; explicitFileType = undefined; includeInIndex = 0; };
		6DB027F650E24F6AB7B0C9F1 /* AudioToolbox.framework */ = {isa = PBXFileReference; name = "AudioToolbox.framework"; path = "System/Library/Frameworks/AudioToolbox.framework"; sourceTree = SDKROOT; fileEncoding = undefined; lastKnownFileType = wrapper.framework; explicitFileType = undefined; includeInIndex = 0; };
		6A6417A72F824A8780891BC0 /* CDVFile.m */ = {isa = PBXFileReference; name = "CDVFile.m"; path = "cordova-plugin-file/CDVFile.m"; sourceTree = "<group>"; fileEncoding = 4; lastKnownFileType = sourcecode.c.objc; explicitFileType = undefined; includeInIndex = 0; };
		6BEFE9D52A3D4E8AA4CC44B7 /* CDVLocalFilesystem.m */ = {isa = PBXFileReference; name = "CDVLocalFilesystem.m"; path = "cordova-plugin-file/CDVLocalFilesystem.m"; sourceTree = "<group>"; fileEncoding = 4; lastKnownFileType = sourcecode.c.objc; explicitFileType = undefined; includeInIndex = 0; };
		2CCDF50E8DBB4A349F30390B /* CDVAssetLibraryFilesystem.m */ = {isa = PBXFileReference; name = "CDVAssetLibraryFilesystem.m"; path = "cordova-plugin-file/CDVAssetLibraryFilesystem.m"; sourceTree = "<group>"; fileEncoding = 4; lastKnownFileType = sourcecode.c.objc; explicitFileType = undefined; includeInIndex = 0; };
		E0B732D066584B8D9A162C17 /* CDVFile.h */ = {isa = PBXFileReference; name = "CDVFile.h"; path = "cordova-plugin-file/CDVFile.h"; sourceTree = "<group>"; fileEncoding = 4; lastKnownFileType = sourcecode.c.h; explicitFileType = undefined; includeInIndex = 0; };
		3F85C91EC6D54DA299854D96 /* CDVLocalFilesystem.h */ = {isa = PBXFileReference; name = "CDVLocalFilesystem.h"; path = "cordova-plugin-file/CDVLocalFilesystem.h"; sourceTree = "<group>"; fileEncoding = 4; lastKnownFileType = sourcecode.c.h; explicitFileType = undefined; includeInIndex = 0; };
		8AF46ECD6B134ADDA5B30FD4 /* CDVAssetLibraryFilesystem.h */ = {isa = PBXFileReference; name = "CDVAssetLibraryFilesystem.h"; path = "cordova-plugin-file/CDVAssetLibraryFilesystem.h"; sourceTree = "<group>"; fileEncoding = 4; lastKnownFileType = sourcecode.c.h; explicitFileType = undefined; includeInIndex = 0; };
		51D001D5059D4B7DA1C2A657 /* CDVLocation.m */ = {isa = PBXFileReference; name = "CDVLocation.m"; path = "cordova-plugin-geolocation/CDVLocation.m"; sourceTree = "<group>"; fileEncoding = 4; lastKnownFileType = sourcecode.c.objc; explicitFileType = undefined; includeInIndex = 0; };
		1545E01C0FEC4812BE825BF4 /* CDVLocation.h */ = {isa = PBXFileReference; name = "CDVLocation.h"; path = "cordova-plugin-geolocation/CDVLocation.h"; sourceTree = "<group>"; fileEncoding = 4; lastKnownFileType = sourcecode.c.h; explicitFileType = undefined; includeInIndex = 0; };
		6F93EE5B30AD4F7F9F168D6B /* CDVGlobalization.m */ = {isa = PBXFileReference; name = "CDVGlobalization.m"; path = "cordova-plugin-globalization/CDVGlobalization.m"; sourceTree = "<group>"; fileEncoding = 4; lastKnownFileType = sourcecode.c.objc; explicitFileType = undefined; includeInIndex = 0; };
		600CF97AE593419A9A448418 /* CDVGlobalization.h */ = {isa = PBXFileReference; name = "CDVGlobalization.h"; path = "cordova-plugin-globalization/CDVGlobalization.h"; sourceTree = "<group>"; fileEncoding = 4; lastKnownFileType = sourcecode.c.h; explicitFileType = undefined; includeInIndex = 0; };
		E5A90CA845D44BC5AE4CA051 /* CDVInAppBrowser.m */ = {isa = PBXFileReference; name = "CDVInAppBrowser.m"; path = "cordova-plugin-inappbrowser/CDVInAppBrowser.m"; sourceTree = "<group>"; fileEncoding = 4; lastKnownFileType = sourcecode.c.objc; explicitFileType = undefined; includeInIndex = 0; };
		39C077E63B9E4F7F999FE1C4 /* CDVInAppBrowser.h */ = {isa = PBXFileReference; name = "CDVInAppBrowser.h"; path = "cordova-plugin-inappbrowser/CDVInAppBrowser.h"; sourceTree = "<group>"; fileEncoding = 4; lastKnownFileType = sourcecode.c.h; explicitFileType = undefined; includeInIndex = 0; };
		16D60279DF9E436590054D87 /* CDVCapture.m */ = {isa = PBXFileReference; name = "CDVCapture.m"; path = "cordova-plugin-media-capture/CDVCapture.m"; sourceTree = "<group>"; fileEncoding = 4; lastKnownFileType = sourcecode.c.objc; explicitFileType = undefined; includeInIndex = 0; };
		AA8A679819F44BEC964FE80F /* CDVCapture.h */ = {isa = PBXFileReference; name = "CDVCapture.h"; path = "cordova-plugin-media-capture/CDVCapture.h"; sourceTree = "<group>"; fileEncoding = 4; lastKnownFileType = sourcecode.c.h; explicitFileType = undefined; includeInIndex = 0; };
		CCE3865401094278B351CA52 /* CDVCapture.bundle */ = {isa = PBXFileReference; name = "CDVCapture.bundle"; path = "CDVCapture.bundle"; sourceTree = "<group>"; fileEncoding = undefined; lastKnownFileType = wrapper.plug-in; explicitFileType = undefined; includeInIndex = 0; };
		0AA4D319A2224E778175E2F6 /* CDVConnection.m */ = {isa = PBXFileReference; name = "CDVConnection.m"; path = "cordova-plugin-network-information/CDVConnection.m"; sourceTree = "<group>"; fileEncoding = 4; lastKnownFileType = sourcecode.c.objc; explicitFileType = undefined; includeInIndex = 0; };
		DE0B9D084692435E844152E2 /* CDVReachability.m */ = {isa = PBXFileReference; name = "CDVReachability.m"; path = "cordova-plugin-network-information/CDVReachability.m"; sourceTree = "<group>"; fileEncoding = 4; lastKnownFileType = sourcecode.c.objc; explicitFileType = undefined; includeInIndex = 0; };
		9222F2400EE0452BB28E5308 /* CDVConnection.h */ = {isa = PBXFileReference; name = "CDVConnection.h"; path = "cordova-plugin-network-information/CDVConnection.h"; sourceTree = "<group>"; fileEncoding = 4; lastKnownFileType = sourcecode.c.h; explicitFileType = undefined; includeInIndex = 0; };
		8ECE3E86A39041B7BCAE90AA /* CDVReachability.h */ = {isa = PBXFileReference; name = "CDVReachability.h"; path = "cordova-plugin-network-information/CDVReachability.h"; sourceTree = "<group>"; fileEncoding = 4; lastKnownFileType = sourcecode.c.h; explicitFileType = undefined; includeInIndex = 0; };
		B97398F161D14F6AAC927AEC /* SystemConfiguration.framework */ = {isa = PBXFileReference; name = "SystemConfiguration.framework"; path = "System/Library/Frameworks/SystemConfiguration.framework"; sourceTree = SDKROOT; fileEncoding = undefined; lastKnownFileType = wrapper.framework; explicitFileType = undefined; includeInIndex = 0; };
		E92AFDF2D47143C0920815A3 /* CoreTelephony.framework */ = {isa = PBXFileReference; name = "CoreTelephony.framework"; path = "System/Library/Frameworks/CoreTelephony.framework"; sourceTree = SDKROOT; fileEncoding = undefined; lastKnownFileType = wrapper.framework; explicitFileType = undefined; includeInIndex = 0; };
		F99E2F786813484E97733E46 /* RequestLocationAccuracy.m */ = {isa = PBXFileReference; name = "RequestLocationAccuracy.m"; path = "cordova-plugin-request-location-accuracy/RequestLocationAccuracy.m"; sourceTree = "<group>"; fileEncoding = 4; lastKnownFileType = sourcecode.c.objc; explicitFileType = undefined; includeInIndex = 0; };
		6AF1A024980D49A5BE41B426 /* RequestLocationAccuracy.h */ = {isa = PBXFileReference; name = "RequestLocationAccuracy.h"; path = "cordova-plugin-request-location-accuracy/RequestLocationAccuracy.h"; sourceTree = "<group>"; fileEncoding = 4; lastKnownFileType = sourcecode.c.h; explicitFileType = undefined; includeInIndex = 0; };
		A776B6E9EECF4882BB31489E /* CDVVibration.m */ = {isa = PBXFileReference; name = "CDVVibration.m"; path = "cordova-plugin-vibration/CDVVibration.m"; sourceTree = "<group>"; fileEncoding = 4; lastKnownFileType = sourcecode.c.objc; explicitFileType = undefined; includeInIndex = 0; };
		05D508FC1EEC4497BD66781E /* CDVVibration.h */ = {isa = PBXFileReference; name = "CDVVibration.h"; path = "cordova-plugin-vibration/CDVVibration.h"; sourceTree = "<group>"; fileEncoding = 4; lastKnownFileType = sourcecode.c.h; explicitFileType = undefined; includeInIndex = 0; };
		E2FB219020A74BB982A5208F /* Diagnostic.m */ = {isa = PBXFileReference; name = "Diagnostic.m"; path = "cordova.plugins.diagnostic/Diagnostic.m"; sourceTree = "<group>"; fileEncoding = 4; lastKnownFileType = sourcecode.c.objc; explicitFileType = undefined; includeInIndex = 0; };
		9D103296492945169DAA03B2 /* Diagnostic_Location.m */ = {isa = PBXFileReference; name = "Diagnostic_Location.m"; path = "cordova.plugins.diagnostic/Diagnostic_Location.m"; sourceTree = "<group>"; fileEncoding = 4; lastKnownFileType = sourcecode.c.objc; explicitFileType = undefined; includeInIndex = 0; };
		7F768206312B494EBAD87D8F /* Diagnostic_Bluetooth.m */ = {isa = PBXFileReference; name = "Diagnostic_Bluetooth.m"; path = "cordova.plugins.diagnostic/Diagnostic_Bluetooth.m"; sourceTree = "<group>"; fileEncoding = 4; lastKnownFileType = sourcecode.c.objc; explicitFileType = undefined; includeInIndex = 0; };
		4BE7FA14947842B0A5E5E3BA /* Diagnostic_Wifi.m */ = {isa = PBXFileReference; name = "Diagnostic_Wifi.m"; path = "cordova.plugins.diagnostic/Diagnostic_Wifi.m"; sourceTree = "<group>"; fileEncoding = 4; lastKnownFileType = sourcecode.c.objc; explicitFileType = undefined; includeInIndex = 0; };
		05F6E27041DB411E890009A2 /* Diagnostic_Camera.m */ = {isa = PBXFileReference; name = "Diagnostic_Camera.m"; path = "cordova.plugins.diagnostic/Diagnostic_Camera.m"; sourceTree = "<group>"; fileEncoding = 4; lastKnownFileType = sourcecode.c.objc; explicitFileType = undefined; includeInIndex = 0; };
		069CB2DFB3784457B6C88B7F /* Diagnostic_Notifications.m */ = {isa = PBXFileReference; name = "Diagnostic_Notifications.m"; path = "cordova.plugins.diagnostic/Diagnostic_Notifications.m"; sourceTree = "<group>"; fileEncoding = 4; lastKnownFileType = sourcecode.c.objc; explicitFileType = undefined; includeInIndex = 0; };
		C5601E616C6C44A5A7CBE154 /* Diagnostic_Microphone.m */ = {isa = PBXFileReference; name = "Diagnostic_Microphone.m"; path = "cordova.plugins.diagnostic/Diagnostic_Microphone.m"; sourceTree = "<group>"; fileEncoding = 4; lastKnownFileType = sourcecode.c.objc; explicitFileType = undefined; includeInIndex = 0; };
		C34CA331F6B24514BDD35430 /* Diagnostic_Contacts.m */ = {isa = PBXFileReference; name = "Diagnostic_Contacts.m"; path = "cordova.plugins.diagnostic/Diagnostic_Contacts.m"; sourceTree = "<group>"; fileEncoding = 4; lastKnownFileType = sourcecode.c.objc; explicitFileType = undefined; includeInIndex = 0; };
		0C26E4E31CEB40F690700981 /* Diagnostic_Calendar.m */ = {isa = PBXFileReference; name = "Diagnostic_Calendar.m"; path = "cordova.plugins.diagnostic/Diagnostic_Calendar.m"; sourceTree = "<group>"; fileEncoding = 4; lastKnownFileType = sourcecode.c.objc; explicitFileType = undefined; includeInIndex = 0; };
		6E9FFCED8CF54412ACA10948 /* Diagnostic_Reminders.m */ = {isa = PBXFileReference; name = "Diagnostic_Reminders.m"; path = "cordova.plugins.diagnostic/Diagnostic_Reminders.m"; sourceTree = "<group>"; fileEncoding = 4; lastKnownFileType = sourcecode.c.objc; explicitFileType = undefined; includeInIndex = 0; };
		B34EDF6EF77A44889E630143 /* Diagnostic_Motion.m */ = {isa = PBXFileReference; name = "Diagnostic_Motion.m"; path = "cordova.plugins.diagnostic/Diagnostic_Motion.m"; sourceTree = "<group>"; fileEncoding = 4; lastKnownFileType = sourcecode.c.objc; explicitFileType = undefined; includeInIndex = 0; };
		05A152F6EC5643379E71EC34 /* Diagnostic.h */ = {isa = PBXFileReference; name = "Diagnostic.h"; path = "cordova.plugins.diagnostic/Diagnostic.h"; sourceTree = "<group>"; fileEncoding = 4; lastKnownFileType = sourcecode.c.h; explicitFileType = undefined; includeInIndex = 0; };
		557946793948454C9F422E47 /* Diagnostic_Location.h */ = {isa = PBXFileReference; name = "Diagnostic_Location.h"; path = "cordova.plugins.diagnostic/Diagnostic_Location.h"; sourceTree = "<group>"; fileEncoding = 4; lastKnownFileType = sourcecode.c.h; explicitFileType = undefined; includeInIndex = 0; };
		AAF7B7CEB50A40BB8C98845F /* Diagnostic_Bluetooth.h */ = {isa = PBXFileReference; name = "Diagnostic_Bluetooth.h"; path = "cordova.plugins.diagnostic/Diagnostic_Bluetooth.h"; sourceTree = "<group>"; fileEncoding = 4; lastKnownFileType = sourcecode.c.h; explicitFileType = undefined; includeInIndex = 0; };
		2BA59BAF2FA44548ACF95F89 /* Diagnostic_Wifi.h */ = {isa = PBXFileReference; name = "Diagnostic_Wifi.h"; path = "cordova.plugins.diagnostic/Diagnostic_Wifi.h"; sourceTree = "<group>"; fileEncoding = 4; lastKnownFileType = sourcecode.c.h; explicitFileType = undefined; includeInIndex = 0; };
		B7D20037A7744F4C992A5F1B /* Diagnostic_Camera.h */ = {isa = PBXFileReference; name = "Diagnostic_Camera.h"; path = "cordova.plugins.diagnostic/Diagnostic_Camera.h"; sourceTree = "<group>"; fileEncoding = 4; lastKnownFileType = sourcecode.c.h; explicitFileType = undefined; includeInIndex = 0; };
		A392AFB33D3142D1ABAC167D /* Diagnostic_Notifications.h */ = {isa = PBXFileReference; name = "Diagnostic_Notifications.h"; path = "cordova.plugins.diagnostic/Diagnostic_Notifications.h"; sourceTree = "<group>"; fileEncoding = 4; lastKnownFileType = sourcecode.c.h; explicitFileType = undefined; includeInIndex = 0; };
		0DD2CFAD7AED4F24A468D60E /* Diagnostic_Microphone.h */ = {isa = PBXFileReference; name = "Diagnostic_Microphone.h"; path = "cordova.plugins.diagnostic/Diagnostic_Microphone.h"; sourceTree = "<group>"; fileEncoding = 4; lastKnownFileType = sourcecode.c.h; explicitFileType = undefined; includeInIndex = 0; };
		480DAD93013B45D2B30ED5A4 /* Diagnostic_Contacts.h */ = {isa = PBXFileReference; name = "Diagnostic_Contacts.h"; path = "cordova.plugins.diagnostic/Diagnostic_Contacts.h"; sourceTree = "<group>"; fileEncoding = 4; lastKnownFileType = sourcecode.c.h; explicitFileType = undefined; includeInIndex = 0; };
		D4DC25467AA94065883FB055 /* Diagnostic_Calendar.h */ = {isa = PBXFileReference; name = "Diagnostic_Calendar.h"; path = "cordova.plugins.diagnostic/Diagnostic_Calendar.h"; sourceTree = "<group>"; fileEncoding = 4; lastKnownFileType = sourcecode.c.h; explicitFileType = undefined; includeInIndex = 0; };
		E29F8ABB85614BC88503A8C0 /* Diagnostic_Reminders.h */ = {isa = PBXFileReference; name = "Diagnostic_Reminders.h"; path = "cordova.plugins.diagnostic/Diagnostic_Reminders.h"; sourceTree = "<group>"; fileEncoding = 4; lastKnownFileType = sourcecode.c.h; explicitFileType = undefined; includeInIndex = 0; };
		2EBA7030607C45B39296C23A /* Diagnostic_Motion.h */ = {isa = PBXFileReference; name = "Diagnostic_Motion.h"; path = "cordova.plugins.diagnostic/Diagnostic_Motion.h"; sourceTree = "<group>"; fileEncoding = 4; lastKnownFileType = sourcecode.c.h; explicitFileType = undefined; includeInIndex = 0; };
		2EDA503E38BA47C1B46EE4C1 /* CoreBluetooth.framework */ = {isa = PBXFileReference; name = "CoreBluetooth.framework"; path = "System/Library/Frameworks/CoreBluetooth.framework"; sourceTree = SDKROOT; fileEncoding = undefined; lastKnownFileType = wrapper.framework; explicitFileType = undefined; includeInIndex = 0; };
		43910275737443548F098534 /* Photos.framework */ = {isa = PBXFileReference; name = "Photos.framework"; path = "System/Library/Frameworks/Photos.framework"; sourceTree = SDKROOT; fileEncoding = undefined; lastKnownFileType = wrapper.framework; explicitFileType = undefined; includeInIndex = 0; };
		32141FAEBE4743699F699A3E /* UserNotifications.framework */ = {isa = PBXFileReference; name = "UserNotifications.framework"; path = "System/Library/Frameworks/UserNotifications.framework"; sourceTree = SDKROOT; fileEncoding = undefined; lastKnownFileType = wrapper.framework; explicitFileType = undefined; includeInIndex = 0; };
		9C3A06D9374345E98E73EAA1 /* Contacts.framework */ = {isa = PBXFileReference; name = "Contacts.framework"; path = "System/Library/Frameworks/Contacts.framework"; sourceTree = SDKROOT; fileEncoding = undefined; lastKnownFileType = wrapper.framework; explicitFileType = undefined; includeInIndex = 0; };
		54B7190BAAA64FED8D72B88E /* AddressBook.framework */ = {isa = PBXFileReference; name = "AddressBook.framework"; path = "System/Library/Frameworks/AddressBook.framework"; sourceTree = SDKROOT; fileEncoding = undefined; lastKnownFileType = wrapper.framework; explicitFileType = undefined; includeInIndex = 0; };
		F18C7CEE7FE7471BB00F9E78 /* EventKit.framework */ = {isa = PBXFileReference; name = "EventKit.framework"; path = "System/Library/Frameworks/EventKit.framework"; sourceTree = SDKROOT; fileEncoding = undefined; lastKnownFileType = wrapper.framework; explicitFileType = undefined; includeInIndex = 0; };
		A76E2B6319B64085A8580491 /* CoreMotion.framework */ = {isa = PBXFileReference; name = "CoreMotion.framework"; path = "System/Library/Frameworks/CoreMotion.framework"; sourceTree = SDKROOT; fileEncoding = undefined; lastKnownFileType = wrapper.framework; explicitFileType = undefined; includeInIndex = 0; };
/* End PBXFileReference section */

/* Begin PBXFrameworksBuildPhase section */
		1D60588F0D05DD3D006BFB54 /* Frameworks */ = {
			isa = PBXFrameworksBuildPhase;
			buildActionMask = 2147483647;
			files = (
				301BF552109A68D80062928A /* libCordova.a in Frameworks */,
				E84B8BE888B4404A82EB8EE1 /* ImageIO.framework in Frameworks */,
				D9BDA7062F3E4D4F8048B3BC /* CoreLocation.framework in Frameworks */,
				6ECAAD68E6474D4190A64177 /* AVFoundation.framework in Frameworks */,
				614300033557437B8B0A29C6 /* libz.tbd in Frameworks */,
				2148B8EFA7024DCF8B8042FB /* AudioToolbox.framework in Frameworks */,
				552C1E54603546828CD51B28 /* SystemConfiguration.framework in Frameworks */,
				B945C481F98D4136905720C8 /* CoreTelephony.framework in Frameworks */,
				6A7B97341C5E4A5EA3EB937B /* CoreBluetooth.framework in Frameworks */,
				8E028B02BF764DCB905C40E5 /* Photos.framework in Frameworks */,
				BE303DE9213943A4A0ECE802 /* UserNotifications.framework in Frameworks */,
				3AAC0790C04D418582FCD69B /* Contacts.framework in Frameworks */,
				22004B13E3674BBCA3A846A2 /* AddressBook.framework in Frameworks */,
				189C67D5BE5843C6ADC61659 /* EventKit.framework in Frameworks */,
				23B6ABE4880D4EFFAEBF6667 /* CoreMotion.framework in Frameworks */,
			);
			runOnlyForDeploymentPostprocessing = 0;
		};
/* End PBXFrameworksBuildPhase section */

/* Begin PBXGroup section */
		080E96DDFE201D6D7F000001 /* Classes */ = {
			isa = PBXGroup;
			children = (
				302D95EE14D2391D003F00A1 /* MainViewController.h */,
				302D95EF14D2391D003F00A1 /* MainViewController.m */,
				302D95F014D2391D003F00A1 /* MainViewController.xib */,
				1D3623240D0F684500981E51 /* AppDelegate.h */,
				1D3623250D0F684500981E51 /* AppDelegate.m */,
			);
			name = Classes;
			path = "Doorstep/Classes";
			sourceTree = SOURCE_ROOT;
		};
		19C28FACFE9D520D11CA2CBB /* Products */ = {
			isa = PBXGroup;
			children = (
				1D6058910D05DD3D006BFB54 /* Doorstep.app */,
			);
			name = Products;
			sourceTree = "<group>";
		};
		29B97314FDCFA39411CA2CEA /* CustomTemplate */ = {
			isa = PBXGroup;
			children = (
				EB87FDF41871DAF40020F90C /* config.xml */,
				EB87FDF31871DA8E0020F90C /* www */,
				EB87FDF11871DA420020F90C /* Staging */,
				301BF52D109A57CC0062928A /* CordovaLib.xcodeproj */,
				080E96DDFE201D6D7F000001 /* Classes */,
				307C750510C5A3420062BCA9 /* Plugins */,
				29B97315FDCFA39411CA2CEA /* Other Sources */,
				29B97317FDCFA39411CA2CEA /* Resources */,
				29B97323FDCFA39411CA2CEA /* Frameworks */,
				19C28FACFE9D520D11CA2CBB /* Products */,
			);
			name = CustomTemplate;
			sourceTree = "<group>";
		};
		29B97315FDCFA39411CA2CEA /* Other Sources */ = {
			isa = PBXGroup;
			children = (
				32CA4F630368D1EE00C91783 /* Doorstep-Prefix.pch */,
				29B97316FDCFA39411CA2CEA /* main.m */,
				ED33DF2A687741AEAF9F8254 /* Bridging-Header.h */,
			);
			name = "Other Sources";
			path = "Doorstep";
			sourceTree = "<group>";
		};
		29B97317FDCFA39411CA2CEA /* Resources */ = {
			isa = PBXGroup;
			children = (
				0207DA571B56EA530066E2B4 /* Images.xcassets */,
				3047A50E1AB8057F00498E2A /* config */,
				8D1107310486CEB800E47090 /* Doorstep-Info.plist */,
				6AFF5BF81D6E424B00AB3073 /* CDVLaunchScreen.storyboard */,
				D2AA6A530276431EB2134DC5 /* CDVNotification.bundle */,
				CCE3865401094278B351CA52 /* CDVCapture.bundle */,
			);
			name = Resources;
			path = "Doorstep/Resources";
			sourceTree = "<group>";
		};
		29B97323FDCFA39411CA2CEA /* Frameworks */ = {
			isa = PBXGroup;
			children = (
				DC2EFA4C249C400CB247749F /* ImageIO.framework */,
				742BE9008B0D4077AF077AB5 /* CoreLocation.framework */,
				94CEDD38EC2945F990CA5F61 /* AVFoundation.framework */,
				3B0E3C9F280F49A38BF1D40C /* libz.tbd */,
				6DB027F650E24F6AB7B0C9F1 /* AudioToolbox.framework */,
				B97398F161D14F6AAC927AEC /* SystemConfiguration.framework */,
				E92AFDF2D47143C0920815A3 /* CoreTelephony.framework */,
				2EDA503E38BA47C1B46EE4C1 /* CoreBluetooth.framework */,
				43910275737443548F098534 /* Photos.framework */,
				32141FAEBE4743699F699A3E /* UserNotifications.framework */,
				9C3A06D9374345E98E73EAA1 /* Contacts.framework */,
				54B7190BAAA64FED8D72B88E /* AddressBook.framework */,
				F18C7CEE7FE7471BB00F9E78 /* EventKit.framework */,
				A76E2B6319B64085A8580491 /* CoreMotion.framework */,
			);
			name = Frameworks;
			sourceTree = "<group>";
		};
		301BF52E109A57CC0062928A /* Products */ = {
			isa = PBXGroup;
			children = (
				301BF535109A57CC0062928A /* libCordova.a */,
				907D8124214C687600058A10 /* Cordova.framework */,
			);
			name = Products;
			sourceTree = "<group>";
		};
		3047A50E1AB8057F00498E2A /* config */ = {
			isa = PBXGroup;
			children = (
				3047A50F1AB8059700498E2A /* build-debug.xcconfig */,
				3047A5101AB8059700498E2A /* build-release.xcconfig */,
				3047A5111AB8059700498E2A /* build.xcconfig */,
			);
			name = config;
			sourceTree = "<group>";
		};
		307C750510C5A3420062BCA9 /* Plugins */ = {
			isa = PBXGroup;
			children = (
				E93CA98E05A348E48C571FE9 /* CDVBattery.m */,
				B0EF669D9FAF461385A57615 /* CDVBattery.h */,
				007CD634F0EA4F75A9CA6558 /* UIImage+CropScaleOrientation.m */,
				16289C8E80DD4F77B07C65E8 /* CDVCamera.m */,
				E081BB8B4B7C48508679C536 /* CDVJpegHeaderWriter.m */,
				AE6E982468C645DDB60B43BE /* UIImage+CropScaleOrientation.h */,
				B332F1C31CF94C599D43246A /* CDVCamera.h */,
				1DD73FE5A36C4552BD9408FD /* CDVJpegHeaderWriter.h */,
				DFF701EEEA104B9391B3C44F /* CDVExif.h */,
				74AB722B859941F3A76A89AD /* CDVDevice.m */,
				0078F1853AFB43CFAB9625CB /* CDVDevice.h */,
				A0DFF1B5578B40C295DAB47A /* CDVNotification.m */,
				750E7DF9C49649E3AC5D3BB4 /* CDVNotification.h */,
				6A6417A72F824A8780891BC0 /* CDVFile.m */,
				6BEFE9D52A3D4E8AA4CC44B7 /* CDVLocalFilesystem.m */,
				2CCDF50E8DBB4A349F30390B /* CDVAssetLibraryFilesystem.m */,
				E0B732D066584B8D9A162C17 /* CDVFile.h */,
				3F85C91EC6D54DA299854D96 /* CDVLocalFilesystem.h */,
				8AF46ECD6B134ADDA5B30FD4 /* CDVAssetLibraryFilesystem.h */,
				51D001D5059D4B7DA1C2A657 /* CDVLocation.m */,
				1545E01C0FEC4812BE825BF4 /* CDVLocation.h */,
				6F93EE5B30AD4F7F9F168D6B /* CDVGlobalization.m */,
				600CF97AE593419A9A448418 /* CDVGlobalization.h */,
				E5A90CA845D44BC5AE4CA051 /* CDVInAppBrowser.m */,
				39C077E63B9E4F7F999FE1C4 /* CDVInAppBrowser.h */,
				16D60279DF9E436590054D87 /* CDVCapture.m */,
				AA8A679819F44BEC964FE80F /* CDVCapture.h */,
				0AA4D319A2224E778175E2F6 /* CDVConnection.m */,
				DE0B9D084692435E844152E2 /* CDVReachability.m */,
				9222F2400EE0452BB28E5308 /* CDVConnection.h */,
				8ECE3E86A39041B7BCAE90AA /* CDVReachability.h */,
				F99E2F786813484E97733E46 /* RequestLocationAccuracy.m */,
				6AF1A024980D49A5BE41B426 /* RequestLocationAccuracy.h */,
				A776B6E9EECF4882BB31489E /* CDVVibration.m */,
				05D508FC1EEC4497BD66781E /* CDVVibration.h */,
				E2FB219020A74BB982A5208F /* Diagnostic.m */,
				9D103296492945169DAA03B2 /* Diagnostic_Location.m */,
				7F768206312B494EBAD87D8F /* Diagnostic_Bluetooth.m */,
				4BE7FA14947842B0A5E5E3BA /* Diagnostic_Wifi.m */,
				05F6E27041DB411E890009A2 /* Diagnostic_Camera.m */,
				069CB2DFB3784457B6C88B7F /* Diagnostic_Notifications.m */,
				C5601E616C6C44A5A7CBE154 /* Diagnostic_Microphone.m */,
				C34CA331F6B24514BDD35430 /* Diagnostic_Contacts.m */,
				0C26E4E31CEB40F690700981 /* Diagnostic_Calendar.m */,
				6E9FFCED8CF54412ACA10948 /* Diagnostic_Reminders.m */,
				B34EDF6EF77A44889E630143 /* Diagnostic_Motion.m */,
				05A152F6EC5643379E71EC34 /* Diagnostic.h */,
				557946793948454C9F422E47 /* Diagnostic_Location.h */,
				AAF7B7CEB50A40BB8C98845F /* Diagnostic_Bluetooth.h */,
				2BA59BAF2FA44548ACF95F89 /* Diagnostic_Wifi.h */,
				B7D20037A7744F4C992A5F1B /* Diagnostic_Camera.h */,
				A392AFB33D3142D1ABAC167D /* Diagnostic_Notifications.h */,
				0DD2CFAD7AED4F24A468D60E /* Diagnostic_Microphone.h */,
				480DAD93013B45D2B30ED5A4 /* Diagnostic_Contacts.h */,
				D4DC25467AA94065883FB055 /* Diagnostic_Calendar.h */,
				E29F8ABB85614BC88503A8C0 /* Diagnostic_Reminders.h */,
				2EBA7030607C45B39296C23A /* Diagnostic_Motion.h */,
			);
			name = Plugins;
			path = "Doorstep/Plugins";
			sourceTree = SOURCE_ROOT;
		};
		EB87FDF11871DA420020F90C /* Staging */ = {
			isa = PBXGroup;
			children = (
				F840E1F0165FE0F500CFE078 /* config.xml */,
				301BF56E109A69640062928A /* www */,
			);
			name = Staging;
			sourceTree = "<group>";
		};
/* End PBXGroup section */

/* Begin PBXNativeTarget section */
		1D6058900D05DD3D006BFB54 /* Doorstep */ = {
			isa = PBXNativeTarget;
			buildConfigurationList = 1D6058960D05DD3E006BFB54 /* Build configuration list for PBXNativeTarget "Doorstep" */;
			buildPhases = (
				304B58A110DAC018002A0835 /* Copy www directory */,
				1D60588D0D05DD3D006BFB54 /* Resources */,
				1D60588E0D05DD3D006BFB54 /* Sources */,
				1D60588F0D05DD3D006BFB54 /* Frameworks */,
			);
			buildRules = (
			);
			dependencies = (
				301BF551109A68C00062928A /* PBXTargetDependency */,
			);
			name = "Doorstep";
			productName = "Doorstep";
			productReference = 1D6058910D05DD3D006BFB54 /* Doorstep.app */;
			productType = "com.apple.product-type.application";
		};
/* End PBXNativeTarget section */

/* Begin PBXProject section */
		29B97313FDCFA39411CA2CEA /* Project object */ = {
			isa = PBXProject;
			attributes = {
				LastUpgradeCheck = 510;
				TargetAttributes = {
					1D6058900D05DD3D006BFB54 = {
						ProvisioningStyle = Automatic;
					};
				};
			};
			buildConfigurationList = C01FCF4E08A954540054247B /* Build configuration list for PBXProject "Doorstep" */;
			compatibilityVersion = "Xcode 3.2";
			developmentRegion = English;
			hasScannedForEncodings = 1;
			mainGroup = 29B97314FDCFA39411CA2CEA /* CustomTemplate */;
			projectDirPath = "";
			projectReferences = (
				{
					ProductGroup = 301BF52E109A57CC0062928A /* Products */;
					ProjectRef = 301BF52D109A57CC0062928A /* CordovaLib.xcodeproj */;
				},
			);
			projectRoot = "";
			targets = (
				1D6058900D05DD3D006BFB54 /* Doorstep */,
			);
		};
/* End PBXProject section */

/* Begin PBXReferenceProxy section */
		301BF535109A57CC0062928A /* libCordova.a */ = {
			isa = PBXReferenceProxy;
			fileType = archive.ar;
			path = libCordova.a;
			remoteRef = 301BF534109A57CC0062928A /* PBXContainerItemProxy */;
			sourceTree = BUILT_PRODUCTS_DIR;
		};
		907D8124214C687600058A10 /* Cordova.framework */ = {
			isa = PBXReferenceProxy;
			fileType = wrapper.framework;
			path = Cordova.framework;
			remoteRef = 907D8123214C687600058A10 /* PBXContainerItemProxy */;
			sourceTree = BUILT_PRODUCTS_DIR;
		};
/* End PBXReferenceProxy section */

/* Begin PBXResourcesBuildPhase section */
		1D60588D0D05DD3D006BFB54 /* Resources */ = {
			isa = PBXResourcesBuildPhase;
			buildActionMask = 2147483647;
			files = (
				302D95F214D2391D003F00A1 /* MainViewController.xib in Resources */,
				0207DA581B56EA530066E2B4 /* Images.xcassets in Resources */,
				6AFF5BF91D6E424B00AB3073 /* CDVLaunchScreen.storyboard in Resources */,
				E2B4757864144214AAAE5377 /* CDVNotification.bundle in Resources */,
				BCC26952B1404BFAB333E6E8 /* CDVCapture.bundle in Resources */,
			);
			runOnlyForDeploymentPostprocessing = 0;
		};
/* End PBXResourcesBuildPhase section */

/* Begin PBXShellScriptBuildPhase section */
		304B58A110DAC018002A0835 /* Copy www directory */ = {
			isa = PBXShellScriptBuildPhase;
			buildActionMask = 2147483647;
			files = (
			);
			inputPaths = (
			);
			name = "Copy www directory";
			outputPaths = (
			);
			runOnlyForDeploymentPostprocessing = 0;
			shellPath = /bin/sh;
			shellScript = "\"$SRCROOT/Doorstep/Scripts/copy-www-build-step.sh\"";
			showEnvVarsInLog = 0;
		};
/* End PBXShellScriptBuildPhase section */

/* Begin PBXSourcesBuildPhase section */
		1D60588E0D05DD3D006BFB54 /* Sources */ = {
			isa = PBXSourcesBuildPhase;
			buildActionMask = 2147483647;
			files = (
				1D60589B0D05DD56006BFB54 /* main.m in Sources */,
				1D3623260D0F684500981E51 /* AppDelegate.m in Sources */,
				302D95F114D2391D003F00A1 /* MainViewController.m in Sources */,
				02C224B812FA4C07B1903F3E /* CDVBattery.m in Sources */,
				C9726DAB1BF046D29E35F9EA /* UIImage+CropScaleOrientation.m in Sources */,
				DD45DBDAE57044D4BC9B76B2 /* CDVCamera.m in Sources */,
				62819958BC534FA18F0CA72F /* CDVJpegHeaderWriter.m in Sources */,
				897FCCDE00C14B0CB5B8A976 /* CDVDevice.m in Sources */,
				3F01C99A3602484A962B8992 /* CDVNotification.m in Sources */,
				6C18A50F4EB5423D931754B7 /* CDVFile.m in Sources */,
				9AA655F8617B4D94829F866D /* CDVLocalFilesystem.m in Sources */,
				D5C0E668A9F64DB59FF9B92B /* CDVAssetLibraryFilesystem.m in Sources */,
				4CF30CE35C164CF18F4ABD3B /* CDVLocation.m in Sources */,
				F74ABAEF8B52479E94F55815 /* CDVGlobalization.m in Sources */,
				D133CD2FC1404B3295CC061F /* CDVInAppBrowser.m in Sources */,
				EB16906A9F6B43D3BFD40C8D /* CDVCapture.m in Sources */,
				9904D92917964705874EBFBA /* CDVConnection.m in Sources */,
				5F3F111D010145E88F70DEB5 /* CDVReachability.m in Sources */,
				99949222D16B4F699C8E8500 /* RequestLocationAccuracy.m in Sources */,
				ADEDA6A4D52343BABFBC6FB6 /* CDVVibration.m in Sources */,
				EA6C00ADB3C7496187E09572 /* Diagnostic.m in Sources */,
				2E73FEA9DDD044DFB6A9043F /* Diagnostic_Location.m in Sources */,
				8DD2CCCEFF8C4C9A8B4588BE /* Diagnostic_Bluetooth.m in Sources */,
				0F450022ABBE4C36A9DA3A3F /* Diagnostic_Wifi.m in Sources */,
				4BF3D8EA9AA0488AA6A75187 /* Diagnostic_Camera.m in Sources */,
				DC7C23B53BE54E8D8A51A79A /* Diagnostic_Notifications.m in Sources */,
				9C5464823D3949CFABE53C15 /* Diagnostic_Microphone.m in Sources */,
				10FA0E547C224544AAADD7F1 /* Diagnostic_Contacts.m in Sources */,
				825B01A0F0A24194ADB5F5BF /* Diagnostic_Calendar.m in Sources */,
				5CA2B741F014459AA85697A5 /* Diagnostic_Reminders.m in Sources */,
				ADE5677701A24E6A8D758748 /* Diagnostic_Motion.m in Sources */,
			);
			runOnlyForDeploymentPostprocessing = 0;
		};
/* End PBXSourcesBuildPhase section */

/* Begin PBXTargetDependency section */
		301BF551109A68C00062928A /* PBXTargetDependency */ = {
			isa = PBXTargetDependency;
			name = CordovaLib;
			targetProxy = 301BF550109A68C00062928A /* PBXContainerItemProxy */;
		};
/* End PBXTargetDependency section */

/* Begin XCBuildConfiguration section */
		1D6058940D05DD3E006BFB54 /* Debug */ = {
			isa = XCBuildConfiguration;
			baseConfigurationReference = 3047A50F1AB8059700498E2A /* build-debug.xcconfig */;
			buildSettings = {
				ALWAYS_SEARCH_USER_PATHS = NO;
				ASSETCATALOG_COMPILER_APPICON_NAME = AppIcon;
				ASSETCATALOG_COMPILER_LAUNCHIMAGE_NAME = LaunchImage;
				CLANG_ENABLE_MODULES = YES;
				CLANG_ENABLE_OBJC_ARC = YES;
				COPY_PHASE_STRIP = NO;
				GCC_DYNAMIC_NO_PIC = NO;
				GCC_OPTIMIZATION_LEVEL = 0;
				GCC_PRECOMPILE_PREFIX_HEADER = YES;
				GCC_PREFIX_HEADER = "Doorstep/Doorstep-Prefix.pch";
				GCC_THUMB_SUPPORT = NO;
				GCC_VERSION = "";
				INFOPLIST_FILE = "Doorstep/Doorstep-Info.plist";
				IPHONEOS_DEPLOYMENT_TARGET = 10.0;
				LD_RUNPATH_SEARCH_PATHS = "@executable_path/Frameworks";
				PRODUCT_BUNDLE_IDENTIFIER = com.phonegap.doorstep;
				PRODUCT_NAME = "$(TARGET_NAME)";
				TARGETED_DEVICE_FAMILY = "1,2";
			};
			name = Debug;
		};
		1D6058950D05DD3E006BFB54 /* Release */ = {
			isa = XCBuildConfiguration;
			baseConfigurationReference = 3047A5101AB8059700498E2A /* build-release.xcconfig */;
			buildSettings = {
				ALWAYS_SEARCH_USER_PATHS = NO;
				ASSETCATALOG_COMPILER_APPICON_NAME = AppIcon;
				ASSETCATALOG_COMPILER_LAUNCHIMAGE_NAME = LaunchImage;
				CLANG_ENABLE_MODULES = YES;
				CLANG_ENABLE_OBJC_ARC = YES;
				COPY_PHASE_STRIP = YES;
				GCC_PRECOMPILE_PREFIX_HEADER = YES;
				GCC_PREFIX_HEADER = "Doorstep/Doorstep-Prefix.pch";
				GCC_THUMB_SUPPORT = NO;
				GCC_VERSION = "";
				INFOPLIST_FILE = "Doorstep/Doorstep-Info.plist";
				IPHONEOS_DEPLOYMENT_TARGET = 10.0;
				LD_RUNPATH_SEARCH_PATHS = "@executable_path/Frameworks";
				PRODUCT_BUNDLE_IDENTIFIER = com.phonegap.doorstep;
				PRODUCT_NAME = "$(TARGET_NAME)";
				TARGETED_DEVICE_FAMILY = "1,2";
			};
			name = Release;
		};
		C01FCF4F08A954540054247B /* Debug */ = {
			isa = XCBuildConfiguration;
			baseConfigurationReference = 3047A5111AB8059700498E2A /* build.xcconfig */;
			buildSettings = {
				CLANG_ENABLE_MODULES = YES;
				CLANG_ENABLE_OBJC_ARC = YES;
				CLANG_WARN_BLOCK_CAPTURE_AUTORELEASING = YES;
				CLANG_WARN_BOOL_CONVERSION = YES;
				CLANG_WARN_COMMA = YES;
				CLANG_WARN_CONSTANT_CONVERSION = YES;
				CLANG_WARN_DEPRECATED_OBJC_IMPLEMENTATIONS = YES;
				CLANG_WARN_EMPTY_BODY = YES;
				CLANG_WARN_ENUM_CONVERSION = YES;
				CLANG_WARN_INFINITE_RECURSION = YES;
				CLANG_WARN_INT_CONVERSION = YES;
				CLANG_WARN_NON_LITERAL_NULL_CONVERSION = YES;
				CLANG_WARN_OBJC_IMPLICIT_RETAIN_SELF = YES;
				CLANG_WARN_OBJC_LITERAL_CONVERSION = YES;
				CLANG_WARN_RANGE_LOOP_ANALYSIS = YES;
				CLANG_WARN_STRICT_PROTOTYPES = YES;
				CLANG_WARN_SUSPICIOUS_MOVE = YES;
				CLANG_WARN_UNREACHABLE_CODE = YES;
				CLANG_WARN__DUPLICATE_METHOD_MATCH = YES;
				ENABLE_STRICT_OBJC_MSGSEND = YES;
				ENABLE_TESTABILITY = YES;
				GCC_C_LANGUAGE_STANDARD = c99;
				GCC_NO_COMMON_BLOCKS = YES;
				GCC_THUMB_SUPPORT = NO;
				GCC_VERSION = "";
				GCC_WARN_64_TO_32_BIT_CONVERSION = YES;
				GCC_WARN_ABOUT_RETURN_TYPE = YES;
				GCC_WARN_UNDECLARED_SELECTOR = YES;
				GCC_WARN_UNINITIALIZED_AUTOS = YES;
				GCC_WARN_UNUSED_FUNCTION = YES;
				GCC_WARN_UNUSED_VARIABLE = YES;
				ONLY_ACTIVE_ARCH = YES;
				SDKROOT = iphoneos;
				SKIP_INSTALL = NO;
				WK_WEB_VIEW_ONLY = 0;
				PRODUCT_BUNDLE_IDENTIFIER = com.phonegap.doorstep;
				ASSETCATALOG_COMPILER_LAUNCHIMAGE_NAME = LaunchImage;
			};
			name = Debug;
		};
		C01FCF5008A954540054247B /* Release */ = {
			isa = XCBuildConfiguration;
			baseConfigurationReference = 3047A5111AB8059700498E2A /* build.xcconfig */;
			buildSettings = {
				CLANG_ENABLE_MODULES = YES;
				CLANG_ENABLE_OBJC_ARC = YES;
				CLANG_WARN_BLOCK_CAPTURE_AUTORELEASING = YES;
				CLANG_WARN_BOOL_CONVERSION = YES;
				CLANG_WARN_COMMA = YES;
				CLANG_WARN_CONSTANT_CONVERSION = YES;
				CLANG_WARN_DEPRECATED_OBJC_IMPLEMENTATIONS = YES;
				CLANG_WARN_EMPTY_BODY = YES;
				CLANG_WARN_ENUM_CONVERSION = YES;
				CLANG_WARN_INFINITE_RECURSION = YES;
				CLANG_WARN_INT_CONVERSION = YES;
				CLANG_WARN_NON_LITERAL_NULL_CONVERSION = YES;
				CLANG_WARN_OBJC_IMPLICIT_RETAIN_SELF = YES;
				CLANG_WARN_OBJC_LITERAL_CONVERSION = YES;
				CLANG_WARN_RANGE_LOOP_ANALYSIS = YES;
				CLANG_WARN_STRICT_PROTOTYPES = YES;
				CLANG_WARN_SUSPICIOUS_MOVE = YES;
				CLANG_WARN_UNREACHABLE_CODE = YES;
				CLANG_WARN__DUPLICATE_METHOD_MATCH = YES;
				ENABLE_STRICT_OBJC_MSGSEND = YES;
				GCC_C_LANGUAGE_STANDARD = c99;
				GCC_NO_COMMON_BLOCKS = YES;
				GCC_THUMB_SUPPORT = NO;
				GCC_VERSION = "";
				GCC_WARN_64_TO_32_BIT_CONVERSION = YES;
				GCC_WARN_ABOUT_RETURN_TYPE = YES;
				GCC_WARN_UNDECLARED_SELECTOR = YES;
				GCC_WARN_UNINITIALIZED_AUTOS = YES;
				GCC_WARN_UNUSED_FUNCTION = YES;
				GCC_WARN_UNUSED_VARIABLE = YES;
				SDKROOT = iphoneos;
				SKIP_INSTALL = NO;
				WK_WEB_VIEW_ONLY = 0;
				PRODUCT_BUNDLE_IDENTIFIER = com.phonegap.doorstep;
				ASSETCATALOG_COMPILER_LAUNCHIMAGE_NAME = LaunchImage;
			};
			name = Release;
		};
/* End XCBuildConfiguration section */

/* Begin XCConfigurationList section */
		1D6058960D05DD3E006BFB54 /* Build configuration list for PBXNativeTarget "Doorstep" */ = {
			isa = XCConfigurationList;
			buildConfigurations = (
				1D6058940D05DD3E006BFB54 /* Debug */,
				1D6058950D05DD3E006BFB54 /* Release */,
			);
			defaultConfigurationIsVisible = 0;
			defaultConfigurationName = Release;
		};
		C01FCF4E08A954540054247B /* Build configuration list for PBXProject "Doorstep" */ = {
			isa = XCConfigurationList;
			buildConfigurations = (
				C01FCF4F08A954540054247B /* Debug */,
				C01FCF5008A954540054247B /* Release */,
			);
			defaultConfigurationIsVisible = 0;
			defaultConfigurationName = Release;
		};
/* End XCConfigurationList section */
	};
	rootObject = 29B97313FDCFA39411CA2CEA /* Project object */;
}
